
Microsoft Visual Studio Solution File, Format Version 12.00
# Visual Studio Version 16
VisualStudioVersion = 16.0.31205.134
MinimumVisualStudioVersion = 10.0.40219.1
Project("{FAE04EC0-301F-11D3-BF4B-00C04F79EFBC}") = "controle_de_estoque", "controle_de_estoque\controle_de_estoque.csproj", "{D9828A77-4136-4EE1-9C92-674B4C3D90D7}"
EndProject
Global
	GlobalSection(SolutionConfigurationPlatforms) = preSolution
		Debug|Any CPU = Debug|Any CPU
		Release|Any CPU = Release|Any CPU
	EndGlobalSection
	GlobalSection(ProjectConfigurationPlatforms) = postSolution
		{D9828A77-4136-4EE1-9C92-674B4C3D90D7}.Debug|Any CPU.ActiveCfg = Debug|Any CPU
		{D9828A77-4136-4EE1-9C92-674B4C3D90D7}.Debug|Any CPU.Build.0 = Debug|Any CPU
		{D9828A77-4136-4EE1-9C92-674B4C3D90D7}.Release|Any CPU.ActiveCfg = Release|Any CPU
		{D9828A77-4136-4EE1-9C92-674B4C3D90D7}.Release|Any CPU.Build.0 = Release|Any CPU
	EndGlobalSection
	GlobalSection(SolutionProperties) = preSolution
		HideSolutionNode = FALSE
	EndGlobalSection
	GlobalSection(ExtensibilityGlobals) = postSolution
		SolutionGuid = {75333E33-0069-44E9-BC46-0417BEDAB8A3}
	EndGlobalSection
EndGlobal
